
Microsoft Visual Studio Solution File, Format Version 12.00
# Visual Studio Version 17
VisualStudioVersion = 17.1.32210.238
MinimumVisualStudioVersion = 10.0.40219.1
Project("{FAE04EC0-301F-11D3-BF4B-00C04F79EFBC}") = "modul7_1302204092", "modul7_1302204092\modul7_1302204092.csproj", "{D7C3CCCF-3175-4001-97A9-FEBB84289CB2}"
EndProject
Global
	GlobalSection(SolutionConfigurationPlatforms) = preSolution
		Debug|Any CPU = Debug|Any CPU
		Release|Any CPU = Release|Any CPU
	EndGlobalSection
	GlobalSection(ProjectConfigurationPlatforms) = postSolution
		{D7C3CCCF-3175-4001-97A9-FEBB84289CB2}.Debug|Any CPU.ActiveCfg = Debug|Any CPU
		{D7C3CCCF-3175-4001-97A9-FEBB84289CB2}.Debug|Any CPU.Build.0 = Debug|Any CPU
		{D7C3CCCF-3175-4001-97A9-FEBB84289CB2}.Release|Any CPU.ActiveCfg = Release|Any CPU
		{D7C3CCCF-3175-4001-97A9-FEBB84289CB2}.Release|Any CPU.Build.0 = Release|Any CPU
	EndGlobalSection
	GlobalSection(SolutionProperties) = preSolution
		HideSolutionNode = FALSE
	EndGlobalSection
	GlobalSection(ExtensibilityGlobals) = postSolution
		SolutionGuid = {A280D9E1-2917-41B9-BA85-7F22B157B730}
	EndGlobalSection
EndGlobal
